
Microsoft Visual Studio Solution File, Format Version 12.00
# Visual Studio 15
VisualStudioVersion = 15.0.28307.572
MinimumVisualStudioVersion = 10.0.40219.1
Project("{FAE04EC0-301F-11D3-BF4B-00C04F79EFBC}") = "Dice", "Dice\Dice.csproj", "{9BA37A2B-6FCF-477C-BF02-1F9E2BA68937}"
EndProject
Project("{FAE04EC0-301F-11D3-BF4B-00C04F79EFBC}") = "MainMenu", "MainMenu\MainMenu.csproj", "{89ECB81A-5E2A-4A00-906C-BA33317CB24F}"
EndProject
Project("{FAE04EC0-301F-11D3-BF4B-00C04F79EFBC}") = "AIPlayer", "AIPlayer\AIPlayer.csproj", "{BFF286DF-92C2-464B-826C-DD467DC14373}"
EndProject
Global
	GlobalSection(SolutionConfigurationPlatforms) = preSolution
		Debug|Any CPU = Debug|Any CPU
		Release|Any CPU = Release|Any CPU
	EndGlobalSection
	GlobalSection(ProjectConfigurationPlatforms) = postSolution
		{9BA37A2B-6FCF-477C-BF02-1F9E2BA68937}.Debug|Any CPU.ActiveCfg = Debug|Any CPU
		{9BA37A2B-6FCF-477C-BF02-1F9E2BA68937}.Debug|Any CPU.Build.0 = Debug|Any CPU
		{9BA37A2B-6FCF-477C-BF02-1F9E2BA68937}.Release|Any CPU.ActiveCfg = Release|Any CPU
		{9BA37A2B-6FCF-477C-BF02-1F9E2BA68937}.Release|Any CPU.Build.0 = Release|Any CPU
		{89ECB81A-5E2A-4A00-906C-BA33317CB24F}.Debug|Any CPU.ActiveCfg = Debug|Any CPU
		{89ECB81A-5E2A-4A00-906C-BA33317CB24F}.Debug|Any CPU.Build.0 = Debug|Any CPU
		{89ECB81A-5E2A-4A00-906C-BA33317CB24F}.Release|Any CPU.ActiveCfg = Release|Any CPU
		{89ECB81A-5E2A-4A00-906C-BA33317CB24F}.Release|Any CPU.Build.0 = Release|Any CPU
		{BFF286DF-92C2-464B-826C-DD467DC14373}.Debug|Any CPU.ActiveCfg = Debug|Any CPU
		{BFF286DF-92C2-464B-826C-DD467DC14373}.Debug|Any CPU.Build.0 = Debug|Any CPU
		{BFF286DF-92C2-464B-826C-DD467DC14373}.Release|Any CPU.ActiveCfg = Release|Any CPU
		{BFF286DF-92C2-464B-826C-DD467DC14373}.Release|Any CPU.Build.0 = Release|Any CPU
	EndGlobalSection
	GlobalSection(SolutionProperties) = preSolution
		HideSolutionNode = FALSE
	EndGlobalSection
	GlobalSection(ExtensibilityGlobals) = postSolution
		SolutionGuid = {5134A92B-D96C-40EE-A82F-21CED358507A}
	EndGlobalSection
EndGlobal
